
Microsoft Visual Studio Solution File, Format Version 12.00
# Visual Studio Version 17
VisualStudioVersion = 17.10.34928.147
MinimumVisualStudioVersion = 10.0.40219.1
Project("{FAE04EC0-301F-11D3-BF4B-00C04F79EFBC}") = "ImageToThumbApp", "ImageToThumbApp\ImageToThumbApp.csproj", "{28A6BB7B-5CE5-4A53-B6E8-739691294164}"
EndProject
Global
	GlobalSection(SolutionConfigurationPlatforms) = preSolution
		Debug|Any CPU = Debug|Any CPU
		Release|Any CPU = Release|Any CPU
	EndGlobalSection
	GlobalSection(ProjectConfigurationPlatforms) = postSolution
		{28A6BB7B-5CE5-4A53-B6E8-739691294164}.Debug|Any CPU.ActiveCfg = Debug|Any CPU
		{28A6BB7B-5CE5-4A53-B6E8-739691294164}.Debug|Any CPU.Build.0 = Debug|Any CPU
		{28A6BB7B-5CE5-4A53-B6E8-739691294164}.Release|Any CPU.ActiveCfg = Release|Any CPU
		{28A6BB7B-5CE5-4A53-B6E8-739691294164}.Release|Any CPU.Build.0 = Release|Any CPU
	EndGlobalSection
	GlobalSection(SolutionProperties) = preSolution
		HideSolutionNode = FALSE
	EndGlobalSection
	GlobalSection(ExtensibilityGlobals) = postSolution
		SolutionGuid = {286C57AC-0552-47CC-8D18-9E06E18DC4DB}
	EndGlobalSection
EndGlobal
